PODS:
  - Ads-CN (3.7.0.7):
    - Ads-CN/BUAdSDK (= 3.7.0.7)
  - Ads-CN/BUAdSDK (3.7.0.7):
    - Ads-CN/BUFoundation
    - Ads-CN/Domestic
  - Ads-CN/BUFoundation (3.7.0.7)
  - Ads-CN/Domestic (3.7.0.7)
  - mopub-ios-sdk (5.17.0):
    - mopub-ios-sdk/MoPubSDK (= 5.17.0)
  - mopub-ios-sdk/Core (5.17.0)
  - mopub-ios-sdk/MoPubSDK (5.17.0):
    - mopub-ios-sdk/Core
    - mopub-ios-sdk/NativeAds
  - mopub-ios-sdk/NativeAds (5.17.0):
    - mopub-ios-sdk/Core

DEPENDENCIES:
  - Ads-CN (= 3.7.0.7)
  - mopub-ios-sdk (~> 5.17.0)

SPEC REPOS:
  trunk:
    - Ads-CN
    - mopub-ios-sdk

SPEC CHECKSUMS:
  Ads-CN: 0fa668fd0995310421a97799780cc09e0ce8948a
  mopub-ios-sdk: 36d322902674b79b0560a1cb8d15af0548d364ea

PODFILE CHECKSUM: 2c0b031f4eeb98de7e279c618c1695ed2a1e2794

COCOAPODS: 1.10.1
