// !$*UTF8*$!
{
	archiveVersion = 1;
	classes = {
	};
	objectVersion = 51;
	objects = {

/* Begin PBXBuildFile section */
		38FC8A73A1A6C1F6B65152EA /* Pods_MopubAdapterDemo.framework in Frameworks */ = {isa = PBXBuildFile; fileRef = C994ECE5EDEDA91CF061990F /* Pods_MopubAdapterDemo.framework */; };
		9BA314DE26AFB5D80072149A /* CSJNativeAdAdapter.m in Sources */ = {isa = PBXBuildFile; fileRef = 9BA314CE26AFB5D80072149A /* CSJNativeAdAdapter.m */; };
		9BA314DF26AFB5D80072149A /* CSJInterstitialCustomEvent.m in Sources */ = {isa = PBXBuildFile; fileRef = 9BA314CF26AFB5D80072149A /* CSJInterstitialCustomEvent.m */; };
		9BA314E026AFB5D80072149A /* CSJAdapterConfiguration.m in Sources */ = {isa = PBXBuildFile; fileRef = 9BA314D026AFB5D80072149A /* CSJAdapterConfiguration.m */; };
		9BA314E226AFB5D80072149A /* CSJBannerCustomEvent.m in Sources */ = {isa = PBXBuildFile; fileRef = 9BA314D326AFB5D80072149A /* CSJBannerCustomEvent.m */; };
		9BA314E326AFB5D80072149A /* CSJNativeAdRenderer.m in Sources */ = {isa = PBXBuildFile; fileRef = 9BA314D526AFB5D80072149A /* CSJNativeAdRenderer.m */; };
		9BA314E526AFB5D80072149A /* CSJRewardedVideoCustomEvent.m in Sources */ = {isa = PBXBuildFile; fileRef = 9BA314DA26AFB5D80072149A /* CSJRewardedVideoCustomEvent.m */; };
		9BA314E626AFB5D80072149A /* CSJNativeCustomEvent.m in Sources */ = {isa = PBXBuildFile; fileRef = 9BA314DD26AFB5D80072149A /* CSJNativeCustomEvent.m */; };
		9BAFE2D726A9682000D67011 /* AppDelegate.m in Sources */ = {isa = PBXBuildFile; fileRef = 9BAFE2D626A9682000D67011 /* AppDelegate.m */; };
		9BAFE2DD26A9682000D67011 /* ViewController.m in Sources */ = {isa = PBXBuildFile; fileRef = 9BAFE2DC26A9682000D67011 /* ViewController.m */; };
		9BAFE2E026A9682000D67011 /* Main.storyboard in Resources */ = {isa = PBXBuildFile; fileRef = 9BAFE2DE26A9682000D67011 /* Main.storyboard */; };
		9BAFE2E226A9682300D67011 /* Assets.xcassets in Resources */ = {isa = PBXBuildFile; fileRef = 9BAFE2E126A9682300D67011 /* Assets.xcassets */; };
		9BAFE2E526A9682300D67011 /* LaunchScreen.storyboard in Resources */ = {isa = PBXBuildFile; fileRef = 9BAFE2E326A9682300D67011 /* LaunchScreen.storyboard */; };
		9BAFE2E826A9682300D67011 /* main.m in Sources */ = {isa = PBXBuildFile; fileRef = 9BAFE2E726A9682300D67011 /* main.m */; };
		9BAFE32B26A9788E00D67011 /* CSJBannerViewControllerViewController.m in Sources */ = {isa = PBXBuildFile; fileRef = 9BAFE32926A9788E00D67011 /* CSJBannerViewControllerViewController.m */; };
		9BAFE32C26A9788E00D67011 /* CSJBannerViewControllerViewController.xib in Resources */ = {isa = PBXBuildFile; fileRef = 9BAFE32A26A9788E00D67011 /* CSJBannerViewControllerViewController.xib */; };
		9BAFE33026A99C5100D67011 /* CSJInterstitialViewController.m in Sources */ = {isa = PBXBuildFile; fileRef = 9BAFE32E26A99C5100D67011 /* CSJInterstitialViewController.m */; };
		9BAFE33126A99C5100D67011 /* CSJInterstitialViewController.xib in Resources */ = {isa = PBXBuildFile; fileRef = 9BAFE32F26A99C5100D67011 /* CSJInterstitialViewController.xib */; };
		9BAFE33526A9A77500D67011 /* CSJRewardViewController.m in Sources */ = {isa = PBXBuildFile; fileRef = 9BAFE33326A9A77500D67011 /* CSJRewardViewController.m */; };
		9BAFE33626A9A77500D67011 /* CSJRewardViewController.xib in Resources */ = {isa = PBXBuildFile; fileRef = 9BAFE33426A9A77500D67011 /* CSJRewardViewController.xib */; };
		9BAFE33A26A9A82C00D67011 /* CSJNativeViewController.m in Sources */ = {isa = PBXBuildFile; fileRef = 9BAFE33826A9A82C00D67011 /* CSJNativeViewController.m */; };
		9BAFE33B26A9A82C00D67011 /* CSJNativeViewController.xib in Resources */ = {isa = PBXBuildFile; fileRef = 9BAFE33926A9A82C00D67011 /* CSJNativeViewController.xib */; };
		9BAFE33E26AA72EE00D67011 /* CSJNativeAdView.m in Sources */ = {isa = PBXBuildFile; fileRef = 9BAFE33C26AA72EE00D67011 /* CSJNativeAdView.m */; };
/* End PBXBuildFile section */

/* Begin PBXFileReference section */
		3601CAEE30C900D4EA3A1CE2 /* Pods-MopubAdapterDemo.debug.xcconfig */ = {isa = PBXFileReference; includeInIndex = 1; lastKnownFileType = text.xcconfig; name = "Pods-MopubAdapterDemo.debug.xcconfig"; path = "Target Support Files/Pods-MopubAdapterDemo/Pods-MopubAdapterDemo.debug.xcconfig"; sourceTree = "<group>"; };
		6094F484000C2B7EED2E69A6 /* Pods-MopubAdapterDemo.release.xcconfig */ = {isa = PBXFileReference; includeInIndex = 1; lastKnownFileType = text.xcconfig; name = "Pods-MopubAdapterDemo.release.xcconfig"; path = "Target Support Files/Pods-MopubAdapterDemo/Pods-MopubAdapterDemo.release.xcconfig"; sourceTree = "<group>"; };
		9BA314CE26AFB5D80072149A /* CSJNativeAdAdapter.m */ = {isa = PBXFileReference; fileEncoding = 4; lastKnownFileType = sourcecode.c.objc; path = CSJNativeAdAdapter.m; sourceTree = "<group>"; };
		9BA314CF26AFB5D80072149A /* CSJInterstitialCustomEvent.m */ = {isa = PBXFileReference; fileEncoding = 4; lastKnownFileType = sourcecode.c.objc; path = CSJInterstitialCustomEvent.m; sourceTree = "<group>"; };
		9BA314D026AFB5D80072149A /* CSJAdapterConfiguration.m */ = {isa = PBXFileReference; fileEncoding = 4; lastKnownFileType = sourcecode.c.objc; path = CSJAdapterConfiguration.m; sourceTree = "<group>"; };
		9BA314D226AFB5D80072149A /* CSJRewardedVideoCustomEvent.h */ = {isa = PBXFileReference; fileEncoding = 4; lastKnownFileType = sourcecode.c.h; path = CSJRewardedVideoCustomEvent.h; sourceTree = "<group>"; };
		9BA314D326AFB5D80072149A /* CSJBannerCustomEvent.m */ = {isa = PBXFileReference; fileEncoding = 4; lastKnownFileType = sourcecode.c.objc; path = CSJBannerCustomEvent.m; sourceTree = "<group>"; };
		9BA314D426AFB5D80072149A /* CSJNativeCustomEvent.h */ = {isa = PBXFileReference; fileEncoding = 4; lastKnownFileType = sourcecode.c.h; path = CSJNativeCustomEvent.h; sourceTree = "<group>"; };
		9BA314D526AFB5D80072149A /* CSJNativeAdRenderer.m */ = {isa = PBXFileReference; fileEncoding = 4; lastKnownFileType = sourcecode.c.objc; path = CSJNativeAdRenderer.m; sourceTree = "<group>"; };
		9BA314D626AFB5D80072149A /* CSJAdapterConfiguration.h */ = {isa = PBXFileReference; fileEncoding = 4; lastKnownFileType = sourcecode.c.h; path = CSJAdapterConfiguration.h; sourceTree = "<group>"; };
		9BA314D826AFB5D80072149A /* CSJInterstitialCustomEvent.h */ = {isa = PBXFileReference; fileEncoding = 4; lastKnownFileType = sourcecode.c.h; path = CSJInterstitialCustomEvent.h; sourceTree = "<group>"; };
		9BA314D926AFB5D80072149A /* CSJNativeAdAdapter.h */ = {isa = PBXFileReference; fileEncoding = 4; lastKnownFileType = sourcecode.c.h; path = CSJNativeAdAdapter.h; sourceTree = "<group>"; };
		9BA314DA26AFB5D80072149A /* CSJRewardedVideoCustomEvent.m */ = {isa = PBXFileReference; fileEncoding = 4; lastKnownFileType = sourcecode.c.objc; path = CSJRewardedVideoCustomEvent.m; sourceTree = "<group>"; };
		9BA314DB26AFB5D80072149A /* CSJBannerCustomEvent.h */ = {isa = PBXFileReference; fileEncoding = 4; lastKnownFileType = sourcecode.c.h; path = CSJBannerCustomEvent.h; sourceTree = "<group>"; };
		9BA314DC26AFB5D80072149A /* CSJNativeAdRenderer.h */ = {isa = PBXFileReference; fileEncoding = 4; lastKnownFileType = sourcecode.c.h; path = CSJNativeAdRenderer.h; sourceTree = "<group>"; };
		9BA314DD26AFB5D80072149A /* CSJNativeCustomEvent.m */ = {isa = PBXFileReference; fileEncoding = 4; lastKnownFileType = sourcecode.c.objc; path = CSJNativeCustomEvent.m; sourceTree = "<group>"; };
		9BAFE2D226A9682000D67011 /* MopubAdapterDemo.app */ = {isa = PBXFileReference; explicitFileType = wrapper.application; includeInIndex = 0; path = MopubAdapterDemo.app; sourceTree = BUILT_PRODUCTS_DIR; };
		9BAFE2D526A9682000D67011 /* AppDelegate.h */ = {isa = PBXFileReference; lastKnownFileType = sourcecode.c.h; path = AppDelegate.h; sourceTree = "<group>"; };
		9BAFE2D626A9682000D67011 /* AppDelegate.m */ = {isa = PBXFileReference; lastKnownFileType = sourcecode.c.objc; path = AppDelegate.m; sourceTree = "<group>"; };
		9BAFE2DB26A9682000D67011 /* ViewController.h */ = {isa = PBXFileReference; lastKnownFileType = sourcecode.c.h; path = ViewController.h; sourceTree = "<group>"; };
		9BAFE2DC26A9682000D67011 /* ViewController.m */ = {isa = PBXFileReference; lastKnownFileType = sourcecode.c.objc; path = ViewController.m; sourceTree = "<group>"; };
		9BAFE2DF26A9682000D67011 /* Base */ = {isa = PBXFileReference; lastKnownFileType = file.storyboard; name = Base; path = Base.lproj/Main.storyboard; sourceTree = "<group>"; };
		9BAFE2E126A9682300D67011 /* Assets.xcassets */ = {isa = PBXFileReference; lastKnownFileType = folder.assetcatalog; path = Assets.xcassets; sourceTree = "<group>"; };
		9BAFE2E426A9682300D67011 /* Base */ = {isa = PBXFileReference; lastKnownFileType = file.storyboard; name = Base; path = Base.lproj/LaunchScreen.storyboard; sourceTree = "<group>"; };
		9BAFE2E626A9682300D67011 /* Info.plist */ = {isa = PBXFileReference; lastKnownFileType = text.plist.xml; path = Info.plist; sourceTree = "<group>"; };
		9BAFE2E726A9682300D67011 /* main.m */ = {isa = PBXFileReference; lastKnownFileType = sourcecode.c.objc; path = main.m; sourceTree = "<group>"; };
		9BAFE32826A9788E00D67011 /* CSJBannerViewControllerViewController.h */ = {isa = PBXFileReference; lastKnownFileType = sourcecode.c.h; path = CSJBannerViewControllerViewController.h; sourceTree = "<group>"; };
		9BAFE32926A9788E00D67011 /* CSJBannerViewControllerViewController.m */ = {isa = PBXFileReference; lastKnownFileType = sourcecode.c.objc; path = CSJBannerViewControllerViewController.m; sourceTree = "<group>"; };
		9BAFE32A26A9788E00D67011 /* CSJBannerViewControllerViewController.xib */ = {isa = PBXFileReference; lastKnownFileType = file.xib; path = CSJBannerViewControllerViewController.xib; sourceTree = "<group>"; };
		9BAFE32D26A99C5100D67011 /* CSJInterstitialViewController.h */ = {isa = PBXFileReference; lastKnownFileType = sourcecode.c.h; path = CSJInterstitialViewController.h; sourceTree = "<group>"; };
		9BAFE32E26A99C5100D67011 /* CSJInterstitialViewController.m */ = {isa = PBXFileReference; lastKnownFileType = sourcecode.c.objc; path = CSJInterstitialViewController.m; sourceTree = "<group>"; };
		9BAFE32F26A99C5100D67011 /* CSJInterstitialViewController.xib */ = {isa = PBXFileReference; lastKnownFileType = file.xib; path = CSJInterstitialViewController.xib; sourceTree = "<group>"; };
		9BAFE33226A9A77500D67011 /* CSJRewardViewController.h */ = {isa = PBXFileReference; lastKnownFileType = sourcecode.c.h; path = CSJRewardViewController.h; sourceTree = "<group>"; };
		9BAFE33326A9A77500D67011 /* CSJRewardViewController.m */ = {isa = PBXFileReference; lastKnownFileType = sourcecode.c.objc; path = CSJRewardViewController.m; sourceTree = "<group>"; };
		9BAFE33426A9A77500D67011 /* CSJRewardViewController.xib */ = {isa = PBXFileReference; lastKnownFileType = file.xib; path = CSJRewardViewController.xib; sourceTree = "<group>"; };
		9BAFE33726A9A82C00D67011 /* CSJNativeViewController.h */ = {isa = PBXFileReference; lastKnownFileType = sourcecode.c.h; path = CSJNativeViewController.h; sourceTree = "<group>"; };
		9BAFE33826A9A82C00D67011 /* CSJNativeViewController.m */ = {isa = PBXFileReference; lastKnownFileType = sourcecode.c.objc; path = CSJNativeViewController.m; sourceTree = "<group>"; };
		9BAFE33926A9A82C00D67011 /* CSJNativeViewController.xib */ = {isa = PBXFileReference; lastKnownFileType = file.xib; path = CSJNativeViewController.xib; sourceTree = "<group>"; };
		9BAFE33C26AA72EE00D67011 /* CSJNativeAdView.m */ = {isa = PBXFileReference; fileEncoding = 4; lastKnownFileType = sourcecode.c.objc; path = CSJNativeAdView.m; sourceTree = "<group>"; };
		9BAFE33D26AA72EE00D67011 /* CSJNativeAdView.h */ = {isa = PBXFileReference; fileEncoding = 4; lastKnownFileType = sourcecode.c.h; path = CSJNativeAdView.h; sourceTree = "<group>"; };
		C994ECE5EDEDA91CF061990F /* Pods_MopubAdapterDemo.framework */ = {isa = PBXFileReference; explicitFileType = wrapper.framework; includeInIndex = 0; path = Pods_MopubAdapterDemo.framework; sourceTree = BUILT_PRODUCTS_DIR; };
/* End PBXFileReference section */

/* Begin PBXFrameworksBuildPhase section */
		9BAFE2CF26A9682000D67011 /* Frameworks */ = {
			isa = PBXFrameworksBuildPhase;
			buildActionMask = 2147483647;
			files = (
				38FC8A73A1A6C1F6B65152EA /* Pods_MopubAdapterDemo.framework in Frameworks */,
			);
			runOnlyForDeploymentPostprocessing = 0;
		};
/* End PBXFrameworksBuildPhase section */

/* Begin PBXGroup section */
		10341D65F3E45BDDDA4288E9 /* Frameworks */ = {
			isa = PBXGroup;
			children = (
				C994ECE5EDEDA91CF061990F /* Pods_MopubAdapterDemo.framework */,
			);
			name = Frameworks;
			sourceTree = "<group>";
		};
		9BA314CD26AFB5D80072149A /* CSJAdapter */ = {
			isa = PBXGroup;
			children = (
				9BA314D626AFB5D80072149A /* CSJAdapterConfiguration.h */,
				9BA314D026AFB5D80072149A /* CSJAdapterConfiguration.m */,
				9BA314DB26AFB5D80072149A /* CSJBannerCustomEvent.h */,
				9BA314D326AFB5D80072149A /* CSJBannerCustomEvent.m */,
				9BA314D826AFB5D80072149A /* CSJInterstitialCustomEvent.h */,
				9BA314CF26AFB5D80072149A /* CSJInterstitialCustomEvent.m */,
				9BA314D926AFB5D80072149A /* CSJNativeAdAdapter.h */,
				9BA314CE26AFB5D80072149A /* CSJNativeAdAdapter.m */,
				9BA314DC26AFB5D80072149A /* CSJNativeAdRenderer.h */,
				9BA314D526AFB5D80072149A /* CSJNativeAdRenderer.m */,
				9BA314D426AFB5D80072149A /* CSJNativeCustomEvent.h */,
				9BA314DD26AFB5D80072149A /* CSJNativeCustomEvent.m */,
				9BA314D226AFB5D80072149A /* CSJRewardedVideoCustomEvent.h */,
				9BA314DA26AFB5D80072149A /* CSJRewardedVideoCustomEvent.m */,
			);
			path = CSJAdapter;
			sourceTree = "<group>";
		};
		9BAFE2C926A9682000D67011 = {
			isa = PBXGroup;
			children = (
				9BAFE2D426A9682000D67011 /* MopubAdapterDemo */,
				9BAFE2D326A9682000D67011 /* Products */,
				DDD42B1A68FA9884F29D9725 /* Pods */,
				10341D65F3E45BDDDA4288E9 /* Frameworks */,
			);
			sourceTree = "<group>";
		};
		9BAFE2D326A9682000D67011 /* Products */ = {
			isa = PBXGroup;
			children = (
				9BAFE2D226A9682000D67011 /* MopubAdapterDemo.app */,
			);
			name = Products;
			sourceTree = "<group>";
		};
		9BAFE2D426A9682000D67011 /* MopubAdapterDemo */ = {
			isa = PBXGroup;
			children = (
				9BA314CD26AFB5D80072149A /* CSJAdapter */,
				9BAFE2F526A969E300D67011 /* CSJVC */,
				9BAFE2EE26A9695600D67011 /* BaseFile */,
			);
			path = MopubAdapterDemo;
			sourceTree = "<group>";
		};
		9BAFE2EE26A9695600D67011 /* BaseFile */ = {
			isa = PBXGroup;
			children = (
				9BAFE2D526A9682000D67011 /* AppDelegate.h */,
				9BAFE2D626A9682000D67011 /* AppDelegate.m */,
				9BAFE2DB26A9682000D67011 /* ViewController.h */,
				9BAFE2DC26A9682000D67011 /* ViewController.m */,
				9BAFE2DE26A9682000D67011 /* Main.storyboard */,
				9BAFE2E126A9682300D67011 /* Assets.xcassets */,
				9BAFE2E326A9682300D67011 /* LaunchScreen.storyboard */,
				9BAFE2E626A9682300D67011 /* Info.plist */,
				9BAFE2E726A9682300D67011 /* main.m */,
			);
			path = BaseFile;
			sourceTree = "<group>";
		};
		9BAFE2F526A969E300D67011 /* CSJVC */ = {
			isa = PBXGroup;
			children = (
				9BAFE32826A9788E00D67011 /* CSJBannerViewControllerViewController.h */,
				9BAFE32926A9788E00D67011 /* CSJBannerViewControllerViewController.m */,
				9BAFE32A26A9788E00D67011 /* CSJBannerViewControllerViewController.xib */,
				9BAFE32D26A99C5100D67011 /* CSJInterstitialViewController.h */,
				9BAFE32E26A99C5100D67011 /* CSJInterstitialViewController.m */,
				9BAFE32F26A99C5100D67011 /* CSJInterstitialViewController.xib */,
				9BAFE33226A9A77500D67011 /* CSJRewardViewController.h */,
				9BAFE33326A9A77500D67011 /* CSJRewardViewController.m */,
				9BAFE33426A9A77500D67011 /* CSJRewardViewController.xib */,
				9BAFE33726A9A82C00D67011 /* CSJNativeViewController.h */,
				9BAFE33826A9A82C00D67011 /* CSJNativeViewController.m */,
				9BAFE33926A9A82C00D67011 /* CSJNativeViewController.xib */,
				9BAFE33D26AA72EE00D67011 /* CSJNativeAdView.h */,
				9BAFE33C26AA72EE00D67011 /* CSJNativeAdView.m */,
			);
			path = CSJVC;
			sourceTree = "<group>";
		};
		DDD42B1A68FA9884F29D9725 /* Pods */ = {
			isa = PBXGroup;
			children = (
				3601CAEE30C900D4EA3A1CE2 /* Pods-MopubAdapterDemo.debug.xcconfig */,
				6094F484000C2B7EED2E69A6 /* Pods-MopubAdapterDemo.release.xcconfig */,
			);
			path = Pods;
			sourceTree = "<group>";
		};
/* End PBXGroup section */

/* Begin PBXNativeTarget section */
		9BAFE2D126A9682000D67011 /* MopubAdapterDemo */ = {
			isa = PBXNativeTarget;
			buildConfigurationList = 9BAFE2EB26A9682300D67011 /* Build configuration list for PBXNativeTarget "MopubAdapterDemo" */;
			buildPhases = (
				7D901A495CCF516B4B337079 /* [CP] Check Pods Manifest.lock */,
				9BAFE2CE26A9682000D67011 /* Sources */,
				9BAFE2CF26A9682000D67011 /* Frameworks */,
				9BAFE2D026A9682000D67011 /* Resources */,
				23A1D310E2E5347D574827D9 /* [CP] Copy Pods Resources */,
				8312C287C2E6B36B09042E0C /* [CP] Embed Pods Frameworks */,
			);
			buildRules = (
			);
			dependencies = (
			);
			name = MopubAdapterDemo;
			productName = MopubAdapterDemo;
			productReference = 9BAFE2D226A9682000D67011 /* MopubAdapterDemo.app */;
			productType = "com.apple.product-type.application";
		};
/* End PBXNativeTarget section */

/* Begin PBXProject section */
		9BAFE2CA26A9682000D67011 /* Project object */ = {
			isa = PBXProject;
			attributes = {
				LastUpgradeCheck = 1250;
				TargetAttributes = {
					9BAFE2D126A9682000D67011 = {
						CreatedOnToolsVersion = 12.5.1;
					};
				};
			};
			buildConfigurationList = 9BAFE2CD26A9682000D67011 /* Build configuration list for PBXProject "MopubAdapterDemo" */;
			compatibilityVersion = "Xcode 9.3";
			developmentRegion = en;
			hasScannedForEncodings = 0;
			knownRegions = (
				en,
				Base,
			);
			mainGroup = 9BAFE2C926A9682000D67011;
			productRefGroup = 9BAFE2D326A9682000D67011 /* Products */;
			projectDirPath = "";
			projectRoot = "";
			targets = (
				9BAFE2D126A9682000D67011 /* MopubAdapterDemo */,
			);
		};
/* End PBXProject section */

/* Begin PBXResourcesBuildPhase section */
		9BAFE2D026A9682000D67011 /* Resources */ = {
			isa = PBXResourcesBuildPhase;
			buildActionMask = 2147483647;
			files = (
				9BAFE33626A9A77500D67011 /* CSJRewardViewController.xib in Resources */,
				9BAFE33126A99C5100D67011 /* CSJInterstitialViewController.xib in Resources */,
				9BAFE2E526A9682300D67011 /* LaunchScreen.storyboard in Resources */,
				9BAFE2E226A9682300D67011 /* Assets.xcassets in Resources */,
				9BAFE32C26A9788E00D67011 /* CSJBannerViewControllerViewController.xib in Resources */,
				9BAFE33B26A9A82C00D67011 /* CSJNativeViewController.xib in Resources */,
				9BAFE2E026A9682000D67011 /* Main.storyboard in Resources */,
			);
			runOnlyForDeploymentPostprocessing = 0;
		};
/* End PBXResourcesBuildPhase section */

/* Begin PBXShellScriptBuildPhase section */
		23A1D310E2E5347D574827D9 /* [CP] Copy Pods Resources */ = {
			isa = PBXShellScriptBuildPhase;
			buildActionMask = 2147483647;
			files = (
			);
			inputFileListPaths = (
				"${PODS_ROOT}/Target Support Files/Pods-MopubAdapterDemo/Pods-MopubAdapterDemo-resources-${CONFIGURATION}-input-files.xcfilelist",
			);
			name = "[CP] Copy Pods Resources";
			outputFileListPaths = (
				"${PODS_ROOT}/Target Support Files/Pods-MopubAdapterDemo/Pods-MopubAdapterDemo-resources-${CONFIGURATION}-output-files.xcfilelist",
			);
			runOnlyForDeploymentPostprocessing = 0;
			shellPath = /bin/sh;
			shellScript = "\"${PODS_ROOT}/Target Support Files/Pods-MopubAdapterDemo/Pods-MopubAdapterDemo-resources.sh\"\n";
			showEnvVarsInLog = 0;
		};
		7D901A495CCF516B4B337079 /* [CP] Check Pods Manifest.lock */ = {
			isa = PBXShellScriptBuildPhase;
			buildActionMask = 2147483647;
			files = (
			);
			inputFileListPaths = (
			);
			inputPaths = (
				"${PODS_PODFILE_DIR_PATH}/Podfile.lock",
				"${PODS_ROOT}/Manifest.lock",
			);
			name = "[CP] Check Pods Manifest.lock";
			outputFileListPaths = (
			);
			outputPaths = (
				"$(DERIVED_FILE_DIR)/Pods-MopubAdapterDemo-checkManifestLockResult.txt",
			);
			runOnlyForDeploymentPostprocessing = 0;
			shellPath = /bin/sh;
			shellScript = "diff \"${PODS_PODFILE_DIR_PATH}/Podfile.lock\" \"${PODS_ROOT}/Manifest.lock\" > /dev/null\nif [ $? != 0 ] ; then\n    # print error to STDERR\n    echo \"error: The sandbox is not in sync with the Podfile.lock. Run 'pod install' or update your CocoaPods installation.\" >&2\n    exit 1\nfi\n# This output is used by Xcode 'outputs' to avoid re-running this script phase.\necho \"SUCCESS\" > \"${SCRIPT_OUTPUT_FILE_0}\"\n";
			showEnvVarsInLog = 0;
		};
		8312C287C2E6B36B09042E0C /* [CP] Embed Pods Frameworks */ = {
			isa = PBXShellScriptBuildPhase;
			buildActionMask = 2147483647;
			files = (
			);
			inputFileListPaths = (
				"${PODS_ROOT}/Target Support Files/Pods-MopubAdapterDemo/Pods-MopubAdapterDemo-frameworks-${CONFIGURATION}-input-files.xcfilelist",
			);
			name = "[CP] Embed Pods Frameworks";
			outputFileListPaths = (
				"${PODS_ROOT}/Target Support Files/Pods-MopubAdapterDemo/Pods-MopubAdapterDemo-frameworks-${CONFIGURATION}-output-files.xcfilelist",
			);
			runOnlyForDeploymentPostprocessing = 0;
			shellPath = /bin/sh;
			shellScript = "\"${PODS_ROOT}/Target Support Files/Pods-MopubAdapterDemo/Pods-MopubAdapterDemo-frameworks.sh\"\n";
			showEnvVarsInLog = 0;
		};
/* End PBXShellScriptBuildPhase section */

/* Begin PBXSourcesBuildPhase section */
		9BAFE2CE26A9682000D67011 /* Sources */ = {
			isa = PBXSourcesBuildPhase;
			buildActionMask = 2147483647;
			files = (
				9BAFE33026A99C5100D67011 /* CSJInterstitialViewController.m in Sources */,
				9BAFE2DD26A9682000D67011 /* ViewController.m in Sources */,
				9BA314DF26AFB5D80072149A /* CSJInterstitialCustomEvent.m in Sources */,
				9BA314E326AFB5D80072149A /* CSJNativeAdRenderer.m in Sources */,
				9BAFE2D726A9682000D67011 /* AppDelegate.m in Sources */,
				9BA314E026AFB5D80072149A /* CSJAdapterConfiguration.m in Sources */,
				9BA314E526AFB5D80072149A /* CSJRewardedVideoCustomEvent.m in Sources */,
				9BAFE33E26AA72EE00D67011 /* CSJNativeAdView.m in Sources */,
				9BAFE2E826A9682300D67011 /* main.m in Sources */,
				9BA314E626AFB5D80072149A /* CSJNativeCustomEvent.m in Sources */,
				9BAFE33A26A9A82C00D67011 /* CSJNativeViewController.m in Sources */,
				9BA314E226AFB5D80072149A /* CSJBannerCustomEvent.m in Sources */,
				9BA314DE26AFB5D80072149A /* CSJNativeAdAdapter.m in Sources */,
				9BAFE33526A9A77500D67011 /* CSJRewardViewController.m in Sources */,
				9BAFE32B26A9788E00D67011 /* CSJBannerViewControllerViewController.m in Sources */,
			);
			runOnlyForDeploymentPostprocessing = 0;
		};
/* End PBXSourcesBuildPhase section */

/* Begin PBXVariantGroup section */
		9BAFE2DE26A9682000D67011 /* Main.storyboard */ = {
			isa = PBXVariantGroup;
			children = (
				9BAFE2DF26A9682000D67011 /* Base */,
			);
			name = Main.storyboard;
			sourceTree = "<group>";
		};
		9BAFE2E326A9682300D67011 /* LaunchScreen.storyboard */ = {
			isa = PBXVariantGroup;
			children = (
				9BAFE2E426A9682300D67011 /* Base */,
			);
			name = LaunchScreen.storyboard;
			sourceTree = "<group>";
		};
/* End PBXVariantGroup section */

/* Begin XCBuildConfiguration section */
		9BAFE2E926A9682300D67011 /* Debug */ = {
			isa = XCBuildConfiguration;
			buildSettings = {
				ALWAYS_SEARCH_USER_PATHS = NO;
				CLANG_ANALYZER_NONNULL = YES;
				CLANG_ANALYZER_NUMBER_OBJECT_CONVERSION = YES_AGGRESSIVE;
				CLANG_CXX_LANGUAGE_STANDARD = "gnu++14";
				CLANG_CXX_LIBRARY = "libc++";
				CLANG_ENABLE_MODULES = YES;
				CLANG_ENABLE_OBJC_ARC = YES;
				CLANG_ENABLE_OBJC_WEAK = YES;
				CLANG_WARN_BLOCK_CAPTURE_AUTORELEASING = YES;
				CLANG_WARN_BOOL_CONVERSION = YES;
				CLANG_WARN_COMMA = YES;
				CLANG_WARN_CONSTANT_CONVERSION = YES;
				CLANG_WARN_DEPRECATED_OBJC_IMPLEMENTATIONS = YES;
				CLANG_WARN_DIRECT_OBJC_ISA_USAGE = YES_ERROR;
				CLANG_WARN_DOCUMENTATION_COMMENTS = YES;
				CLANG_WARN_EMPTY_BODY = YES;
				CLANG_WARN_ENUM_CONVERSION = YES;
				CLANG_WARN_INFINITE_RECURSION = YES;
				CLANG_WARN_INT_CONVERSION = YES;
				CLANG_WARN_NON_LITERAL_NULL_CONVERSION = YES;
				CLANG_WARN_OBJC_IMPLICIT_RETAIN_SELF = YES;
				CLANG_WARN_OBJC_LITERAL_CONVERSION = YES;
				CLANG_WARN_OBJC_ROOT_CLASS = YES_ERROR;
				CLANG_WARN_QUOTED_INCLUDE_IN_FRAMEWORK_HEADER = YES;
				CLANG_WARN_RANGE_LOOP_ANALYSIS = YES;
				CLANG_WARN_STRICT_PROTOTYPES = YES;
				CLANG_WARN_SUSPICIOUS_MOVE = YES;
				CLANG_WARN_UNGUARDED_AVAILABILITY = YES_AGGRESSIVE;
				CLANG_WARN_UNREACHABLE_CODE = YES;
				CLANG_WARN__DUPLICATE_METHOD_MATCH = YES;
				COPY_PHASE_STRIP = NO;
				DEBUG_INFORMATION_FORMAT = dwarf;
				ENABLE_STRICT_OBJC_MSGSEND = YES;
				ENABLE_TESTABILITY = YES;
				GCC_C_LANGUAGE_STANDARD = gnu11;
				GCC_DYNAMIC_NO_PIC = NO;
				GCC_NO_COMMON_BLOCKS = YES;
				GCC_OPTIMIZATION_LEVEL = 0;
				GCC_PREPROCESSOR_DEFINITIONS = (
					"DEBUG=1",
					"$(inherited)",
				);
				GCC_WARN_64_TO_32_BIT_CONVERSION = YES;
				GCC_WARN_ABOUT_RETURN_TYPE = YES_ERROR;
				GCC_WARN_UNDECLARED_SELECTOR = YES;
				GCC_WARN_UNINITIALIZED_AUTOS = YES_AGGRESSIVE;
				GCC_WARN_UNUSED_FUNCTION = YES;
				GCC_WARN_UNUSED_VARIABLE = YES;
				IPHONEOS_DEPLOYMENT_TARGET = 12.0;
				MTL_ENABLE_DEBUG_INFO = INCLUDE_SOURCE;
				MTL_FAST_MATH = YES;
				ONLY_ACTIVE_ARCH = YES;
				SDKROOT = iphoneos;
			};
			name = Debug;
		};
		9BAFE2EA26A9682300D67011 /* Release */ = {
			isa = XCBuildConfiguration;
			buildSettings = {
				ALWAYS_SEARCH_USER_PATHS = NO;
				CLANG_ANALYZER_NONNULL = YES;
				CLANG_ANALYZER_NUMBER_OBJECT_CONVERSION = YES_AGGRESSIVE;
				CLANG_CXX_LANGUAGE_STANDARD = "gnu++14";
				CLANG_CXX_LIBRARY = "libc++";
				CLANG_ENABLE_MODULES = YES;
				CLANG_ENABLE_OBJC_ARC = YES;
				CLANG_ENABLE_OBJC_WEAK = YES;
				CLANG_WARN_BLOCK_CAPTURE_AUTORELEASING = YES;
				CLANG_WARN_BOOL_CONVERSION = YES;
				CLANG_WARN_COMMA = YES;
				CLANG_WARN_CONSTANT_CONVERSION = YES;
				CLANG_WARN_DEPRECATED_OBJC_IMPLEMENTATIONS = YES;
				CLANG_WARN_DIRECT_OBJC_ISA_USAGE = YES_ERROR;
				CLANG_WARN_DOCUMENTATION_COMMENTS = YES;
				CLANG_WARN_EMPTY_BODY = YES;
				CLANG_WARN_ENUM_CONVERSION = YES;
				CLANG_WARN_INFINITE_RECURSION = YES;
				CLANG_WARN_INT_CONVERSION = YES;
				CLANG_WARN_NON_LITERAL_NULL_CONVERSION = YES;
				CLANG_WARN_OBJC_IMPLICIT_RETAIN_SELF = YES;
				CLANG_WARN_OBJC_LITERAL_CONVERSION = YES;
				CLANG_WARN_OBJC_ROOT_CLASS = YES_ERROR;
				CLANG_WARN_QUOTED_INCLUDE_IN_FRAMEWORK_HEADER = YES;
				CLANG_WARN_RANGE_LOOP_ANALYSIS = YES;
				CLANG_WARN_STRICT_PROTOTYPES = YES;
				CLANG_WARN_SUSPICIOUS_MOVE = YES;
				CLANG_WARN_UNGUARDED_AVAILABILITY = YES_AGGRESSIVE;
				CLANG_WARN_UNREACHABLE_CODE = YES;
				CLANG_WARN__DUPLICATE_METHOD_MATCH = YES;
				COPY_PHASE_STRIP = NO;
				DEBUG_INFORMATION_FORMAT = "dwarf-with-dsym";
				ENABLE_NS_ASSERTIONS = NO;
				ENABLE_STRICT_OBJC_MSGSEND = YES;
				GCC_C_LANGUAGE_STANDARD = gnu11;
				GCC_NO_COMMON_BLOCKS = YES;
				GCC_WARN_64_TO_32_BIT_CONVERSION = YES;
				GCC_WARN_ABOUT_RETURN_TYPE = YES_ERROR;
				GCC_WARN_UNDECLARED_SELECTOR = YES;
				GCC_WARN_UNINITIALIZED_AUTOS = YES_AGGRESSIVE;
				GCC_WARN_UNUSED_FUNCTION = YES;
				GCC_WARN_UNUSED_VARIABLE = YES;
				IPHONEOS_DEPLOYMENT_TARGET = 12.0;
				MTL_ENABLE_DEBUG_INFO = NO;
				MTL_FAST_MATH = YES;
				SDKROOT = iphoneos;
				VALIDATE_PRODUCT = YES;
			};
			name = Release;
		};
		9BAFE2EC26A9682300D67011 /* Debug */ = {
			isa = XCBuildConfiguration;
			baseConfigurationReference = 3601CAEE30C900D4EA3A1CE2 /* Pods-MopubAdapterDemo.debug.xcconfig */;
			buildSettings = {
				ALWAYS_EMBED_SWIFT_STANDARD_LIBRARIES = YES;
				ASSETCATALOG_COMPILER_APPICON_NAME = AppIcon;
				ASSETCATALOG_COMPILER_GLOBAL_ACCENT_COLOR_NAME = AccentColor;
				CODE_SIGN_STYLE = Automatic;
				DEVELOPMENT_TEAM = GE6TQN759S;
				INFOPLIST_FILE = MopubAdapterDemo/BaseFile/Info.plist;
				LD_RUNPATH_SEARCH_PATHS = (
					"$(inherited)",
					"@executable_path/Frameworks",
				);
				PRODUCT_BUNDLE_IDENTIFIER = bytedance.com.MopubAdapterDemo;
				PRODUCT_NAME = "$(TARGET_NAME)";
				TARGETED_DEVICE_FAMILY = "1,2";
			};
			name = Debug;
		};
		9BAFE2ED26A9682300D67011 /* Release */ = {
			isa = XCBuildConfiguration;
			baseConfigurationReference = 6094F484000C2B7EED2E69A6 /* Pods-MopubAdapterDemo.release.xcconfig */;
			buildSettings = {
				ALWAYS_EMBED_SWIFT_STANDARD_LIBRARIES = YES;
				ASSETCATALOG_COMPILER_APPICON_NAME = AppIcon;
				ASSETCATALOG_COMPILER_GLOBAL_ACCENT_COLOR_NAME = AccentColor;
				CODE_SIGN_STYLE = Automatic;
				DEVELOPMENT_TEAM = GE6TQN759S;
				INFOPLIST_FILE = MopubAdapterDemo/BaseFile/Info.plist;
				LD_RUNPATH_SEARCH_PATHS = (
					"$(inherited)",
					"@executable_path/Frameworks",
				);
				PRODUCT_BUNDLE_IDENTIFIER = bytedance.com.MopubAdapterDemo;
				PRODUCT_NAME = "$(TARGET_NAME)";
				TARGETED_DEVICE_FAMILY = "1,2";
			};
			name = Release;
		};
/* End XCBuildConfiguration section */

/* Begin XCConfigurationList section */
		9BAFE2CD26A9682000D67011 /* Build configuration list for PBXProject "MopubAdapterDemo" */ = {
			isa = XCConfigurationList;
			buildConfigurations = (
				9BAFE2E926A9682300D67011 /* Debug */,
				9BAFE2EA26A9682300D67011 /* Release */,
			);
			defaultConfigurationIsVisible = 0;
			defaultConfigurationName = Release;
		};
		9BAFE2EB26A9682300D67011 /* Build configuration list for PBXNativeTarget "MopubAdapterDemo" */ = {
			isa = XCConfigurationList;
			buildConfigurations = (
				9BAFE2EC26A9682300D67011 /* Debug */,
				9BAFE2ED26A9682300D67011 /* Release */,
			);
			defaultConfigurationIsVisible = 0;
			defaultConfigurationName = Release;
		};
/* End XCConfigurationList section */
	};
	rootObject = 9BAFE2CA26A9682000D67011 /* Project object */;
}
